# This file was autogenerated by Stack.
# You should not edit this file by hand.
# For more information, please see the documentation at:
#   https://docs.haskellstack.org/en/stable/lock_files

packages:
- completed:
    hackage: python-pickle-0.3.0@sha256:bb7fd00f48a6eca8cc52be22ad36c7e06bceaa027d44413555aa63ab49f0160e,1883
    pantry-tree:
      sha256: d213d5b439b647913e0bd93ac4ac8534f87c41613a72605c3bea91d130d8908c
      size: 341
  original:
    hackage: python-pickle-0.3.0@sha256:bb7fd00f48a6eca8cc52be22ad36c7e06bceaa027d44413555aa63ab49f0160e,1883
snapshots:
- completed:
    sha256: 629fdd46125079fa6d355106005b2ab88bd39332169dd416fda06d5c0aaa63e2
    size: 713332
    url: https://raw.githubusercontent.com/commercialhaskell/stackage-snapshots/master/lts/22/17.yaml
  original: lts-22.17
